
Microsoft Visual Studio Solution File, Format Version 12.00
# Visual Studio Version 16
VisualStudioVersion = 16.0.28803.352
MinimumVisualStudioVersion = 10.0.40219.1
Project("{FAE04EC0-301F-11D3-BF4B-00C04F79EFBC}") = "WebApi.Jwt", "WebApi.Jwt\WebApi.Jwt.csproj", "{9E101036-25AC-4C42-9D48-236622E731E7}"
EndProject
Project("{FAE04EC0-301F-11D3-BF4B-00C04F79EFBC}") = "RedisPopulator", "RedisPopulator\RedisPopulator.csproj", "{C3A36B19-3B9E-40E2-BEBC-C08389C6E49C}"
EndProject
Project("{FAE04EC0-301F-11D3-BF4B-00C04F79EFBC}") = "AuthoriseApi", "AuthoriseApi\AuthoriseApi.csproj", "{ABC8187E-18EA-4D1D-A53E-0B5840F63D9D}"
EndProject
Project("{9A19103F-16F7-4668-BE54-9A1E7A4F7556}") = "IdentityServer", "IdentityServer\IdentityServer.csproj", "{552AF848-C680-4891-B904-D60925F8C117}"
EndProject
Project("{9A19103F-16F7-4668-BE54-9A1E7A4F7556}") = "MvcClient", "MvcClient\MvcClient.csproj", "{236EF6F9-2543-46CB-9B2B-E6FC8076633E}"
EndProject
Project("{9A19103F-16F7-4668-BE54-9A1E7A4F7556}") = "GatewayApi", "GatewayApi\GatewayApi.csproj", "{9CEAC7BE-DCD8-4C60-872B-F6C25CEDF954}"
EndProject
Project("{9A19103F-16F7-4668-BE54-9A1E7A4F7556}") = "IdentityServer4", "IdentityServer4\IdentityServer4.csproj", "{8B0A4AF6-C26B-4287-92D8-2C33188956DC}"
EndProject
Project("{9A19103F-16F7-4668-BE54-9A1E7A4F7556}") = "JwtManagement", "JwtManagement\JwtManagement.csproj", "{65D5E7F0-58B3-4346-9D22-F4A991512AF6}"
EndProject
Global
	GlobalSection(SolutionConfigurationPlatforms) = preSolution
		Debug|Any CPU = Debug|Any CPU
		Release|Any CPU = Release|Any CPU
	EndGlobalSection
	GlobalSection(ProjectConfigurationPlatforms) = postSolution
		{9E101036-25AC-4C42-9D48-236622E731E7}.Debug|Any CPU.ActiveCfg = Debug|Any CPU
		{9E101036-25AC-4C42-9D48-236622E731E7}.Debug|Any CPU.Build.0 = Debug|Any CPU
		{9E101036-25AC-4C42-9D48-236622E731E7}.Release|Any CPU.ActiveCfg = Release|Any CPU
		{9E101036-25AC-4C42-9D48-236622E731E7}.Release|Any CPU.Build.0 = Release|Any CPU
		{C3A36B19-3B9E-40E2-BEBC-C08389C6E49C}.Debug|Any CPU.ActiveCfg = Debug|Any CPU
		{C3A36B19-3B9E-40E2-BEBC-C08389C6E49C}.Debug|Any CPU.Build.0 = Debug|Any CPU
		{C3A36B19-3B9E-40E2-BEBC-C08389C6E49C}.Release|Any CPU.ActiveCfg = Release|Any CPU
		{C3A36B19-3B9E-40E2-BEBC-C08389C6E49C}.Release|Any CPU.Build.0 = Release|Any CPU
		{ABC8187E-18EA-4D1D-A53E-0B5840F63D9D}.Debug|Any CPU.ActiveCfg = Debug|Any CPU
		{ABC8187E-18EA-4D1D-A53E-0B5840F63D9D}.Debug|Any CPU.Build.0 = Debug|Any CPU
		{ABC8187E-18EA-4D1D-A53E-0B5840F63D9D}.Release|Any CPU.ActiveCfg = Release|Any CPU
		{ABC8187E-18EA-4D1D-A53E-0B5840F63D9D}.Release|Any CPU.Build.0 = Release|Any CPU
		{552AF848-C680-4891-B904-D60925F8C117}.Debug|Any CPU.ActiveCfg = Debug|Any CPU
		{552AF848-C680-4891-B904-D60925F8C117}.Debug|Any CPU.Build.0 = Debug|Any CPU
		{552AF848-C680-4891-B904-D60925F8C117}.Release|Any CPU.ActiveCfg = Release|Any CPU
		{552AF848-C680-4891-B904-D60925F8C117}.Release|Any CPU.Build.0 = Release|Any CPU
		{236EF6F9-2543-46CB-9B2B-E6FC8076633E}.Debug|Any CPU.ActiveCfg = Debug|Any CPU
		{236EF6F9-2543-46CB-9B2B-E6FC8076633E}.Debug|Any CPU.Build.0 = Debug|Any CPU
		{236EF6F9-2543-46CB-9B2B-E6FC8076633E}.Release|Any CPU.ActiveCfg = Release|Any CPU
		{236EF6F9-2543-46CB-9B2B-E6FC8076633E}.Release|Any CPU.Build.0 = Release|Any CPU
		{9CEAC7BE-DCD8-4C60-872B-F6C25CEDF954}.Debug|Any CPU.ActiveCfg = Debug|Any CPU
		{9CEAC7BE-DCD8-4C60-872B-F6C25CEDF954}.Debug|Any CPU.Build.0 = Debug|Any CPU
		{9CEAC7BE-DCD8-4C60-872B-F6C25CEDF954}.Release|Any CPU.ActiveCfg = Release|Any CPU
		{9CEAC7BE-DCD8-4C60-872B-F6C25CEDF954}.Release|Any CPU.Build.0 = Release|Any CPU
		{8B0A4AF6-C26B-4287-92D8-2C33188956DC}.Debug|Any CPU.ActiveCfg = Debug|Any CPU
		{8B0A4AF6-C26B-4287-92D8-2C33188956DC}.Debug|Any CPU.Build.0 = Debug|Any CPU
		{8B0A4AF6-C26B-4287-92D8-2C33188956DC}.Release|Any CPU.ActiveCfg = Release|Any CPU
		{8B0A4AF6-C26B-4287-92D8-2C33188956DC}.Release|Any CPU.Build.0 = Release|Any CPU
		{65D5E7F0-58B3-4346-9D22-F4A991512AF6}.Debug|Any CPU.ActiveCfg = Debug|Any CPU
		{65D5E7F0-58B3-4346-9D22-F4A991512AF6}.Debug|Any CPU.Build.0 = Debug|Any CPU
		{65D5E7F0-58B3-4346-9D22-F4A991512AF6}.Release|Any CPU.ActiveCfg = Release|Any CPU
		{65D5E7F0-58B3-4346-9D22-F4A991512AF6}.Release|Any CPU.Build.0 = Release|Any CPU
	EndGlobalSection
	GlobalSection(SolutionProperties) = preSolution
		HideSolutionNode = FALSE
	EndGlobalSection
	GlobalSection(ExtensibilityGlobals) = postSolution
		SolutionGuid = {08F4A2C9-71F0-4405-A1E9-76750E253E8F}
	EndGlobalSection
EndGlobal
